
Microsoft Visual Studio Solution File, Format Version 12.00
# Visual Studio Version 16
VisualStudioVersion = 16.0.29230.47
MinimumVisualStudioVersion = 10.0.40219.1
Project("{888888A0-9F3D-457C-B088-3A5042F75D52}") = "Data Project", "Data Project\Data Project.pyproj", "{11D5B548-EB7B-40E0-8213-2413809FE184}"
EndProject
Global
	GlobalSection(SolutionConfigurationPlatforms) = preSolution
		Debug|Any CPU = Debug|Any CPU
		Release|Any CPU = Release|Any CPU
	EndGlobalSection
	GlobalSection(ProjectConfigurationPlatforms) = postSolution
		{11D5B548-EB7B-40E0-8213-2413809FE184}.Debug|Any CPU.ActiveCfg = Debug|Any CPU
		{11D5B548-EB7B-40E0-8213-2413809FE184}.Debug|Any CPU.Build.0 = Debug|Any CPU
		{11D5B548-EB7B-40E0-8213-2413809FE184}.Release|Any CPU.ActiveCfg = Release|Any CPU
		{11D5B548-EB7B-40E0-8213-2413809FE184}.Release|Any CPU.Build.0 = Release|Any CPU
	EndGlobalSection
	GlobalSection(SolutionProperties) = preSolution
		HideSolutionNode = FALSE
	EndGlobalSection
	GlobalSection(ExtensibilityGlobals) = postSolution
		SolutionGuid = {26B5D7AB-C254-497E-A6D0-DB862F6A2028}
	EndGlobalSection
EndGlobal
